# This file is autogenerated, do not edit; changes may be undone by the next 'dep ensure'.


[[projects]]
  branch = "master"
  name = "github.com/floyernick/validator-go"
  packages = ["."]
  revision = "9120ef9e475f86ff137558674bf1c4d11e30b45d"

[[projects]]
  name = "github.com/go-yaml/yaml"
  packages = ["."]
  revision = "5420a8b6744d3b0345ab293f6fcba19c978f1183"
  version = "v2.2.1"

[[projects]]
  name = "github.com/google/uuid"
  packages = ["."]
  revision = "d460ce9f8df2e77fb1ba55ca87fafed96c607494"
  version = "v1.0.0"

[[projects]]
  name = "github.com/lib/pq"
  packages = [
    ".",
    "oid"
  ]
  revision = "4ded0e9383f75c197b3a2aaa6d590ac52df6fd79"
  version = "v1.0.0"

[[projects]]
  branch = "master"
  name = "golang.org/x/crypto"
  packages = ["sha3"]
  revision = "e3636079e1a4c1f337f212cc5cd2aca108f6c900"

[solve-meta]
  analyzer-name = "dep"
  analyzer-version = 1
  inputs-digest = "317689dcaa333590b1337cd00f0536fed5a66b9ec4c7dfc317c334d4f6f97ee5"
  solver-name = "gps-cdcl"
  solver-version = 1
